{
  "object": {
    "pins": [
      {
        "package": "SwiftyJSON",
        "repositoryURL": "https://github.com/whilesoftware/SwiftyJSON.git",
        "state": {
          "branch": null,
          "revision": "7080c04af17ca65802a2c4511f64fe12f851ed61",
          "version": null
        }
      }
    ]
  },
  "version": 1
}
